
Microsoft Visual Studio Solution File, Format Version 12.00
# Visual Studio Version 16
VisualStudioVersion = 16.0.28531.58
MinimumVisualStudioVersion = 10.0.40219.1
Project("{FAE04EC0-301F-11D3-BF4B-00C04F79EFBC}") = "Tratamento_Erros", "Tratamento_Erros\Tratamento_Erros.csproj", "{B53700EB-84B8-450B-B3E4-175A206E6BA7}"
EndProject
Global
	GlobalSection(SolutionConfigurationPlatforms) = preSolution
		Debug|Any CPU = Debug|Any CPU
		Release|Any CPU = Release|Any CPU
	EndGlobalSection
	GlobalSection(ProjectConfigurationPlatforms) = postSolution
		{B53700EB-84B8-450B-B3E4-175A206E6BA7}.Debug|Any CPU.ActiveCfg = Debug|Any CPU
		{B53700EB-84B8-450B-B3E4-175A206E6BA7}.Debug|Any CPU.Build.0 = Debug|Any CPU
		{B53700EB-84B8-450B-B3E4-175A206E6BA7}.Release|Any CPU.ActiveCfg = Release|Any CPU
		{B53700EB-84B8-450B-B3E4-175A206E6BA7}.Release|Any CPU.Build.0 = Release|Any CPU
	EndGlobalSection
	GlobalSection(SolutionProperties) = preSolution
		HideSolutionNode = FALSE
	EndGlobalSection
	GlobalSection(ExtensibilityGlobals) = postSolution
		SolutionGuid = {9829D46F-B81D-465D-8374-E48270F2E6BE}
	EndGlobalSection
EndGlobal
